{
  "originHash" : "652f7311acc2dc4a38a3ee89ce2e7551ce4c95131c502631a04ac9488f312560",
  "pins" : [
    {
      "identity" : "htmlstreamer",
      "kind" : "remoteSourceControl",
      "location" : "https://git.shadowfacts.net/shadowfacts/HTMLStreamer.git",
      "state" : {
        "revision" : "68e43131b7fbf6cabfba540ed15798df378d9997",
        "version" : "0.3.0"
      }
    }
  ],
  "version" : 3
}
