// !$*UTF8*$!
{
	archiveVersion = 1;
	classes = {
	};
	objectVersion = 56;
	objects = {

/* Begin PBXBuildFile section */
		3D08DBD72D0BAF3600CCB89E /* ScoreStatistic.swift in Sources */ = {isa = PBXBuildFile; fileRef = 3D08DBD62D0BAF3600CCB89E /* ScoreStatistic.swift */; };
		3D08DBD92D0D546600CCB89E /* ModuleView.swift in Sources */ = {isa = PBXBuildFile; fileRef = 3D08DBD82D0D546600CCB89E /* ModuleView.swift */; };
		3D08DBDB2D0E054C00CCB89E /* AnnouncementView.swift in Sources */ = {isa = PBXBuildFile; fileRef = 3D08DBDA2D0E054C00CCB89E /* AnnouncementView.swift */; };
		3D33EB7B2D18006D007325E0 /* Group.swift in Sources */ = {isa = PBXBuildFile; fileRef = 3D33EB7A2D18006D007325E0 /* Group.swift */; };
		3D33EB7F2D18BB64007325E0 /* GroupPanel.swift in Sources */ = {isa = PBXBuildFile; fileRef = 3D33EB7E2D18BB64007325E0 /* GroupPanel.swift */; };
		3D33EB872D1B4945007325E0 /* GroupView.swift in Sources */ = {isa = PBXBuildFile; fileRef = 3D33EB862D1B4945007325E0 /* GroupView.swift */; };
		3D33EB892D1B4956007325E0 /* GroupClient.swift in Sources */ = {isa = PBXBuildFile; fileRef = 3D33EB882D1B4956007325E0 /* GroupClient.swift */; };
		3D420AEB2D3DA2BF008043D7 /* Submittable.swift in Sources */ = {isa = PBXBuildFile; fileRef = 3D420AEA2D3DA2BF008043D7 /* Submittable.swift */; };
		3D420AED2D3DA5C1008043D7 /* QuizSubmission.swift in Sources */ = {isa = PBXBuildFile; fileRef = 3D420AEC2D3DA5C1008043D7 /* QuizSubmission.swift */; };
		3D420AEF2D470D64008043D7 /* AssignmentPageView.swift in Sources */ = {isa = PBXBuildFile; fileRef = 3D420AEE2D470D64008043D7 /* AssignmentPageView.swift */; };
		3D4E2D4C2CF6FF9E00227AC4 /* CanvasApp.swift in Sources */ = {isa = PBXBuildFile; fileRef = 3D4E2D4B2CF6FF9E00227AC4 /* CanvasApp.swift */; };
		3D4E2D4E2CF6FF9E00227AC4 /* MainLanding.swift in Sources */ = {isa = PBXBuildFile; fileRef = 3D4E2D4D2CF6FF9E00227AC4 /* MainLanding.swift */; };
		3D4E2D502CF6FF9F00227AC4 /* Assets.xcassets in Resources */ = {isa = PBXBuildFile; fileRef = 3D4E2D4F2CF6FF9F00227AC4 /* Assets.xcassets */; };
		3D4E2D532CF6FF9F00227AC4 /* Preview Assets.xcassets in Resources */ = {isa = PBXBuildFile; fileRef = 3D4E2D522CF6FF9F00227AC4 /* Preview Assets.xcassets */; };
		3D4E2D5B2CF6FFF200227AC4 /* Course.swift in Sources */ = {isa = PBXBuildFile; fileRef = 3D4E2D5A2CF6FFF200227AC4 /* Course.swift */; };
		3D4E2D5F2CF703E900227AC4 /* CourseClient.swift in Sources */ = {isa = PBXBuildFile; fileRef = 3D4E2D5E2CF703E900227AC4 /* CourseClient.swift */; };
		3D4E2D612CF9030700227AC4 /* Page.swift in Sources */ = {isa = PBXBuildFile; fileRef = 3D4E2D602CF9030700227AC4 /* Page.swift */; };
		3D4E2D632CF9048100227AC4 /* PageClient.swift in Sources */ = {isa = PBXBuildFile; fileRef = 3D4E2D622CF9048100227AC4 /* PageClient.swift */; };
		3D4E2D672CF904B600227AC4 /* ClientUtilities.swift in Sources */ = {isa = PBXBuildFile; fileRef = 3D4E2D662CF904B600227AC4 /* ClientUtilities.swift */; };
		3D4E2D6B2CF9916600227AC4 /* User.swift in Sources */ = {isa = PBXBuildFile; fileRef = 3D4E2D6A2CF9916600227AC4 /* User.swift */; };
		3D4E2D6D2CF9927000227AC4 /* UserClient.swift in Sources */ = {isa = PBXBuildFile; fileRef = 3D4E2D6C2CF9927000227AC4 /* UserClient.swift */; };
		3D4E2D6F2CF99EC800227AC4 /* ViewUtilities.swift in Sources */ = {isa = PBXBuildFile; fileRef = 3D4E2D6E2CF99EC800227AC4 /* ViewUtilities.swift */; };
		3D4E2D732CFA872D00227AC4 /* CourseView.swift in Sources */ = {isa = PBXBuildFile; fileRef = 3D4E2D722CFA872D00227AC4 /* CourseView.swift */; };
		3D90C7F02D2BC335007C4AF6 /* Assignable.swift in Sources */ = {isa = PBXBuildFile; fileRef = 3D90C7EF2D2BC335007C4AF6 /* Assignable.swift */; };
		3D90C7F32D2C6EA2007C4AF6 /* Quiz.swift in Sources */ = {isa = PBXBuildFile; fileRef = 3D90C7F22D2C6EA2007C4AF6 /* Quiz.swift */; };
		3DB65E3C2D03E1B400BF734D /* PageRepresentable.swift in Sources */ = {isa = PBXBuildFile; fileRef = 3DB65E3B2D03E1B400BF734D /* PageRepresentable.swift */; };
		3DB65E3E2D03E1DF00BF734D /* DiscussionTopic.swift in Sources */ = {isa = PBXBuildFile; fileRef = 3DB65E3D2D03E1DF00BF734D /* DiscussionTopic.swift */; };
		3DB65E402D03E3A900BF734D /* DiscussionTopicClient.swift in Sources */ = {isa = PBXBuildFile; fileRef = 3DB65E3F2D03E3A900BF734D /* DiscussionTopicClient.swift */; };
		3DB88AAC2D02548700EEF069 /* Module.swift in Sources */ = {isa = PBXBuildFile; fileRef = 3DB88AAB2D02548700EEF069 /* Module.swift */; };
		3DB88AAE2D02578D00EEF069 /* ModuleItem.swift in Sources */ = {isa = PBXBuildFile; fileRef = 3DB88AAD2D02578D00EEF069 /* ModuleItem.swift */; };
		3DB88AB02D0257E400EEF069 /* ItemRepresentable.swift in Sources */ = {isa = PBXBuildFile; fileRef = 3DB88AAF2D0257E400EEF069 /* ItemRepresentable.swift */; };
		3DB88AB22D02599A00EEF069 /* ModuleClient.swift in Sources */ = {isa = PBXBuildFile; fileRef = 3DB88AB12D02599A00EEF069 /* ModuleClient.swift */; };
		3DC6323F2D06CFCA004D2679 /* Assignment.swift in Sources */ = {isa = PBXBuildFile; fileRef = 3DC6323E2D06CFCA004D2679 /* Assignment.swift */; };
		3DC632412D07755C004D2679 /* AssignmentClient.swift in Sources */ = {isa = PBXBuildFile; fileRef = 3DC632402D07755C004D2679 /* AssignmentClient.swift */; };
		3DC632452D078BF9004D2679 /* AssignmentMasterView.swift in Sources */ = {isa = PBXBuildFile; fileRef = 3DC632442D078BF9004D2679 /* AssignmentMasterView.swift */; };
		3DC632492D0A2A72004D2679 /* Submission.swift in Sources */ = {isa = PBXBuildFile; fileRef = 3DC632482D0A2A72004D2679 /* Submission.swift */; };
		3DC6324B2D0A8C36004D2679 /* Enrollment.swift in Sources */ = {isa = PBXBuildFile; fileRef = 3DC6324A2D0A8C36004D2679 /* Enrollment.swift */; };
		3DC6324F2D0B2461004D2679 /* Grade.swift in Sources */ = {isa = PBXBuildFile; fileRef = 3DC6324E2D0B2461004D2679 /* Grade.swift */; };
		3DC632512D0B25B7004D2679 /* EnrollmentClient.swift in Sources */ = {isa = PBXBuildFile; fileRef = 3DC632502D0B25B7004D2679 /* EnrollmentClient.swift */; };
		3DE41F8D2D114A83007FDEEA /* HTMLStreamer in Frameworks */ = {isa = PBXBuildFile; productRef = 3DE41F8C2D114A83007FDEEA /* HTMLStreamer */; };
		3DE41F912D121806007FDEEA /* MainUser.swift in Sources */ = {isa = PBXBuildFile; fileRef = 3DE41F902D121806007FDEEA /* MainUser.swift */; };
		3DE41F932D1238EF007FDEEA /* CoursePanel.swift in Sources */ = {isa = PBXBuildFile; fileRef = 3DE41F922D1238EF007FDEEA /* CoursePanel.swift */; };
		3DE41F952D12441C007FDEEA /* PeopleView.swift in Sources */ = {isa = PBXBuildFile; fileRef = 3DE41F942D12441C007FDEEA /* PeopleView.swift */; };
		3DE41F9B2D152B42007FDEEA /* FetchManager.swift in Sources */ = {isa = PBXBuildFile; fileRef = 3DE41F9A2D152B42007FDEEA /* FetchManager.swift */; };
		3DE41F9D2D155C86007FDEEA /* CacheManager.swift in Sources */ = {isa = PBXBuildFile; fileRef = 3DE41F9C2D155C86007FDEEA /* CacheManager.swift */; };
		3DE4F6722D272B8F00FCE0DD /* ContextRepresentable.swift in Sources */ = {isa = PBXBuildFile; fileRef = 3DE4F6712D272B8F00FCE0DD /* ContextRepresentable.swift */; };
		3DE4F6742D279EA300FCE0DD /* DiscussionTopicView.swift in Sources */ = {isa = PBXBuildFile; fileRef = 3DE4F6732D279EA300FCE0DD /* DiscussionTopicView.swift */; };
		3DEC9DD52D0E5C7200AC2564 /* IndividualPageView.swift in Sources */ = {isa = PBXBuildFile; fileRef = 3DEC9DD42D0E5C7200AC2564 /* IndividualPageView.swift */; };
/* End PBXBuildFile section */

/* Begin PBXFileReference section */
		3D08DBD62D0BAF3600CCB89E /* ScoreStatistic.swift */ = {isa = PBXFileReference; lastKnownFileType = sourcecode.swift; path = ScoreStatistic.swift; sourceTree = "<group>"; };
		3D08DBD82D0D546600CCB89E /* ModuleView.swift */ = {isa = PBXFileReference; lastKnownFileType = sourcecode.swift; path = ModuleView.swift; sourceTree = "<group>"; };
		3D08DBDA2D0E054C00CCB89E /* AnnouncementView.swift */ = {isa = PBXFileReference; lastKnownFileType = sourcecode.swift; path = AnnouncementView.swift; sourceTree = "<group>"; };
		3D33EB7A2D18006D007325E0 /* Group.swift */ = {isa = PBXFileReference; lastKnownFileType = sourcecode.swift; path = Group.swift; sourceTree = "<group>"; };
		3D33EB7E2D18BB64007325E0 /* GroupPanel.swift */ = {isa = PBXFileReference; lastKnownFileType = sourcecode.swift; path = GroupPanel.swift; sourceTree = "<group>"; };
		3D33EB862D1B4945007325E0 /* GroupView.swift */ = {isa = PBXFileReference; fileEncoding = 4; lastKnownFileType = sourcecode.swift; path = GroupView.swift; sourceTree = "<group>"; };
		3D33EB882D1B4956007325E0 /* GroupClient.swift */ = {isa = PBXFileReference; fileEncoding = 4; lastKnownFileType = sourcecode.swift; path = GroupClient.swift; sourceTree = "<group>"; };
		3D420AEA2D3DA2BF008043D7 /* Submittable.swift */ = {isa = PBXFileReference; lastKnownFileType = sourcecode.swift; path = Submittable.swift; sourceTree = "<group>"; };
		3D420AEC2D3DA5C1008043D7 /* QuizSubmission.swift */ = {isa = PBXFileReference; lastKnownFileType = sourcecode.swift; path = QuizSubmission.swift; sourceTree = "<group>"; };
		3D420AEE2D470D64008043D7 /* AssignmentPageView.swift */ = {isa = PBXFileReference; lastKnownFileType = sourcecode.swift; name = AssignmentPageView.swift; path = CanvasApp/Views/AssignmentPageView.swift; sourceTree = SOURCE_ROOT; };
		3D4E2D482CF6FF9E00227AC4 /* CanvasApp.app */ = {isa = PBXFileReference; explicitFileType = wrapper.application; includeInIndex = 0; path = CanvasApp.app; sourceTree = BUILT_PRODUCTS_DIR; };
		3D4E2D4B2CF6FF9E00227AC4 /* CanvasApp.swift */ = {isa = PBXFileReference; lastKnownFileType = sourcecode.swift; path = CanvasApp.swift; sourceTree = "<group>"; };
		3D4E2D4D2CF6FF9E00227AC4 /* MainLanding.swift */ = {isa = PBXFileReference; lastKnownFileType = sourcecode.swift; path = MainLanding.swift; sourceTree = "<group>"; };
		3D4E2D4F2CF6FF9F00227AC4 /* Assets.xcassets */ = {isa = PBXFileReference; lastKnownFileType = folder.assetcatalog; path = Assets.xcassets; sourceTree = "<group>"; };
		3D4E2D522CF6FF9F00227AC4 /* Preview Assets.xcassets */ = {isa = PBXFileReference; lastKnownFileType = folder.assetcatalog; path = "Preview Assets.xcassets"; sourceTree = "<group>"; };
		3D4E2D5A2CF6FFF200227AC4 /* Course.swift */ = {isa = PBXFileReference; lastKnownFileType = sourcecode.swift; path = Course.swift; sourceTree = "<group>"; };
		3D4E2D5E2CF703E900227AC4 /* CourseClient.swift */ = {isa = PBXFileReference; lastKnownFileType = sourcecode.swift; path = CourseClient.swift; sourceTree = "<group>"; };
		3D4E2D602CF9030700227AC4 /* Page.swift */ = {isa = PBXFileReference; lastKnownFileType = sourcecode.swift; path = Page.swift; sourceTree = "<group>"; };
		3D4E2D622CF9048100227AC4 /* PageClient.swift */ = {isa = PBXFileReference; lastKnownFileType = sourcecode.swift; path = PageClient.swift; sourceTree = "<group>"; };
		3D4E2D662CF904B600227AC4 /* ClientUtilities.swift */ = {isa = PBXFileReference; lastKnownFileType = sourcecode.swift; path = ClientUtilities.swift; sourceTree = "<group>"; };
		3D4E2D6A2CF9916600227AC4 /* User.swift */ = {isa = PBXFileReference; lastKnownFileType = sourcecode.swift; path = User.swift; sourceTree = "<group>"; };
		3D4E2D6C2CF9927000227AC4 /* UserClient.swift */ = {isa = PBXFileReference; lastKnownFileType = sourcecode.swift; path = UserClient.swift; sourceTree = "<group>"; };
		3D4E2D6E2CF99EC800227AC4 /* ViewUtilities.swift */ = {isa = PBXFileReference; lastKnownFileType = sourcecode.swift; path = ViewUtilities.swift; sourceTree = "<group>"; };
		3D4E2D722CFA872D00227AC4 /* CourseView.swift */ = {isa = PBXFileReference; lastKnownFileType = sourcecode.swift; path = CourseView.swift; sourceTree = "<group>"; };
		3D90C7EF2D2BC335007C4AF6 /* Assignable.swift */ = {isa = PBXFileReference; lastKnownFileType = sourcecode.swift; path = Assignable.swift; sourceTree = "<group>"; };
		3D90C7F22D2C6EA2007C4AF6 /* Quiz.swift */ = {isa = PBXFileReference; lastKnownFileType = sourcecode.swift; path = Quiz.swift; sourceTree = "<group>"; };
		3DB65E3B2D03E1B400BF734D /* PageRepresentable.swift */ = {isa = PBXFileReference; lastKnownFileType = sourcecode.swift; path = PageRepresentable.swift; sourceTree = "<group>"; };
		3DB65E3D2D03E1DF00BF734D /* DiscussionTopic.swift */ = {isa = PBXFileReference; lastKnownFileType = sourcecode.swift; path = DiscussionTopic.swift; sourceTree = "<group>"; };
		3DB65E3F2D03E3A900BF734D /* DiscussionTopicClient.swift */ = {isa = PBXFileReference; lastKnownFileType = sourcecode.swift; path = DiscussionTopicClient.swift; sourceTree = "<group>"; };
		3DB88AAB2D02548700EEF069 /* Module.swift */ = {isa = PBXFileReference; lastKnownFileType = sourcecode.swift; path = Module.swift; sourceTree = "<group>"; };
		3DB88AAD2D02578D00EEF069 /* ModuleItem.swift */ = {isa = PBXFileReference; lastKnownFileType = sourcecode.swift; path = ModuleItem.swift; sourceTree = "<group>"; };
		3DB88AAF2D0257E400EEF069 /* ItemRepresentable.swift */ = {isa = PBXFileReference; lastKnownFileType = sourcecode.swift; path = ItemRepresentable.swift; sourceTree = "<group>"; };
		3DB88AB12D02599A00EEF069 /* ModuleClient.swift */ = {isa = PBXFileReference; lastKnownFileType = sourcecode.swift; path = ModuleClient.swift; sourceTree = "<group>"; };
		3DC6323E2D06CFCA004D2679 /* Assignment.swift */ = {isa = PBXFileReference; lastKnownFileType = sourcecode.swift; path = Assignment.swift; sourceTree = "<group>"; };
		3DC632402D07755C004D2679 /* AssignmentClient.swift */ = {isa = PBXFileReference; lastKnownFileType = sourcecode.swift; path = AssignmentClient.swift; sourceTree = "<group>"; };
		3DC632442D078BF9004D2679 /* AssignmentMasterView.swift */ = {isa = PBXFileReference; lastKnownFileType = sourcecode.swift; path = AssignmentMasterView.swift; sourceTree = "<group>"; };
		3DC632482D0A2A72004D2679 /* Submission.swift */ = {isa = PBXFileReference; lastKnownFileType = sourcecode.swift; path = Submission.swift; sourceTree = "<group>"; };
		3DC6324A2D0A8C36004D2679 /* Enrollment.swift */ = {isa = PBXFileReference; lastKnownFileType = sourcecode.swift; path = Enrollment.swift; sourceTree = "<group>"; };
		3DC6324E2D0B2461004D2679 /* Grade.swift */ = {isa = PBXFileReference; lastKnownFileType = sourcecode.swift; path = Grade.swift; sourceTree = "<group>"; };
		3DC632502D0B25B7004D2679 /* EnrollmentClient.swift */ = {isa = PBXFileReference; lastKnownFileType = sourcecode.swift; path = EnrollmentClient.swift; sourceTree = "<group>"; };
		3DE41F902D121806007FDEEA /* MainUser.swift */ = {isa = PBXFileReference; lastKnownFileType = sourcecode.swift; path = MainUser.swift; sourceTree = "<group>"; };
		3DE41F922D1238EF007FDEEA /* CoursePanel.swift */ = {isa = PBXFileReference; lastKnownFileType = sourcecode.swift; path = CoursePanel.swift; sourceTree = "<group>"; };
		3DE41F942D12441C007FDEEA /* PeopleView.swift */ = {isa = PBXFileReference; lastKnownFileType = sourcecode.swift; path = PeopleView.swift; sourceTree = "<group>"; };
		3DE41F9A2D152B42007FDEEA /* FetchManager.swift */ = {isa = PBXFileReference; lastKnownFileType = sourcecode.swift; path = FetchManager.swift; sourceTree = "<group>"; };
		3DE41F9C2D155C86007FDEEA /* CacheManager.swift */ = {isa = PBXFileReference; lastKnownFileType = sourcecode.swift; path = CacheManager.swift; sourceTree = "<group>"; };
		3DE4F6712D272B8F00FCE0DD /* ContextRepresentable.swift */ = {isa = PBXFileReference; lastKnownFileType = sourcecode.swift; path = ContextRepresentable.swift; sourceTree = "<group>"; };
		3DE4F6732D279EA300FCE0DD /* DiscussionTopicView.swift */ = {isa = PBXFileReference; lastKnownFileType = sourcecode.swift; path = DiscussionTopicView.swift; sourceTree = "<group>"; };
		3DEC9DD42D0E5C7200AC2564 /* IndividualPageView.swift */ = {isa = PBXFileReference; lastKnownFileType = sourcecode.swift; path = IndividualPageView.swift; sourceTree = "<group>"; };
/* End PBXFileReference section */

/* Begin PBXFrameworksBuildPhase section */
		3D4E2D452CF6FF9E00227AC4 /* Frameworks */ = {
			isa = PBXFrameworksBuildPhase;
			buildActionMask = 2147483647;
			files = (
				3DE41F8D2D114A83007FDEEA /* HTMLStreamer in Frameworks */,
			);
			runOnlyForDeploymentPostprocessing = 0;
		};
/* End PBXFrameworksBuildPhase section */

/* Begin PBXGroup section */
		3D33EB802D18BB6B007325E0 /* Panels */ = {
			isa = PBXGroup;
			children = (
				3DE41F922D1238EF007FDEEA /* CoursePanel.swift */,
				3D33EB7E2D18BB64007325E0 /* GroupPanel.swift */,
			);
			path = Panels;
			sourceTree = "<group>";
		};
		3D4E2D3F2CF6FF9E00227AC4 = {
			isa = PBXGroup;
			children = (
				3D4E2D4A2CF6FF9E00227AC4 /* CanvasApp */,
				3D4E2D492CF6FF9E00227AC4 /* Products */,
			);
			sourceTree = "<group>";
		};
		3D4E2D492CF6FF9E00227AC4 /* Products */ = {
			isa = PBXGroup;
			children = (
				3D4E2D482CF6FF9E00227AC4 /* CanvasApp.app */,
			);
			name = Products;
			sourceTree = "<group>";
		};
		3D4E2D4A2CF6FF9E00227AC4 /* CanvasApp */ = {
			isa = PBXGroup;
			children = (
				3D4E2D742CFA874100227AC4 /* Views */,
				3D4E2D5D2CF703D500227AC4 /* Clients */,
				3D4E2D592CF6FFE000227AC4 /* Models */,
				3D4E2D4B2CF6FF9E00227AC4 /* CanvasApp.swift */,
				3DE41F9A2D152B42007FDEEA /* FetchManager.swift */,
				3DE41F9C2D155C86007FDEEA /* CacheManager.swift */,
				3DE41F902D121806007FDEEA /* MainUser.swift */,
				3D4E2D4F2CF6FF9F00227AC4 /* Assets.xcassets */,
				3D4E2D512CF6FF9F00227AC4 /* Preview Content */,
			);
			path = CanvasApp;
			sourceTree = "<group>";
		};
		3D4E2D512CF6FF9F00227AC4 /* Preview Content */ = {
			isa = PBXGroup;
			children = (
				3D4E2D522CF6FF9F00227AC4 /* Preview Assets.xcassets */,
			);
			path = "Preview Content";
			sourceTree = "<group>";
		};
		3D4E2D592CF6FFE000227AC4 /* Models */ = {
			isa = PBXGroup;
			children = (
				3DE41F8F2D1216A4007FDEEA /* Protocols */,
				3DE41F8E2D121689007FDEEA /* ModuleModel */,
				3DC6324D2D0B2450004D2679 /* EnrollmentModel */,
				3DC6324C2D0B2445004D2679 /* AssignmentModel */,
				3D4E2D5A2CF6FFF200227AC4 /* Course.swift */,
				3D4E2D602CF9030700227AC4 /* Page.swift */,
				3D4E2D6A2CF9916600227AC4 /* User.swift */,
				3DB65E3D2D03E1DF00BF734D /* DiscussionTopic.swift */,
				3D33EB7A2D18006D007325E0 /* Group.swift */,
				3DE4F6712D272B8F00FCE0DD /* ContextRepresentable.swift */,
			);
			path = Models;
			sourceTree = "<group>";
		};
		3D4E2D5D2CF703D500227AC4 /* Clients */ = {
			isa = PBXGroup;
			children = (
				3D4E2D5E2CF703E900227AC4 /* CourseClient.swift */,
				3D4E2D622CF9048100227AC4 /* PageClient.swift */,
				3D33EB882D1B4956007325E0 /* GroupClient.swift */,
				3DB65E3F2D03E3A900BF734D /* DiscussionTopicClient.swift */,
				3D4E2D662CF904B600227AC4 /* ClientUtilities.swift */,
				3D4E2D6C2CF9927000227AC4 /* UserClient.swift */,
				3DB88AB12D02599A00EEF069 /* ModuleClient.swift */,
				3DC632402D07755C004D2679 /* AssignmentClient.swift */,
				3DC632502D0B25B7004D2679 /* EnrollmentClient.swift */,
			);
			path = Clients;
			sourceTree = "<group>";
		};
		3D4E2D742CFA874100227AC4 /* Views */ = {
			isa = PBXGroup;
			children = (
				3DE4F6752D2A36F000FCE0DD /* Lists */,
				3D4E2D4D2CF6FF9E00227AC4 /* MainLanding.swift */,
				3D4E2D6E2CF99EC800227AC4 /* ViewUtilities.swift */,
				3D33EB802D18BB6B007325E0 /* Panels */,
				3D4E2D722CFA872D00227AC4 /* CourseView.swift */,
				3D33EB862D1B4945007325E0 /* GroupView.swift */,
				3DEC9DD42D0E5C7200AC2564 /* IndividualPageView.swift */,
			);
			path = Views;
			sourceTree = "<group>";
		};
		3D90C7F12D2C6E90007C4AF6 /* QuizModel */ = {
			isa = PBXGroup;
			children = (
				3D90C7F22D2C6EA2007C4AF6 /* Quiz.swift */,
				3D420AEC2D3DA5C1008043D7 /* QuizSubmission.swift */,
			);
			path = QuizModel;
			sourceTree = "<group>";
		};
		3DC6324C2D0B2445004D2679 /* AssignmentModel */ = {
			isa = PBXGroup;
			children = (
				3D90C7F12D2C6E90007C4AF6 /* QuizModel */,
				3DC6323E2D06CFCA004D2679 /* Assignment.swift */,
				3D08DBD62D0BAF3600CCB89E /* ScoreStatistic.swift */,
				3DC632482D0A2A72004D2679 /* Submission.swift */,
				3D90C7EF2D2BC335007C4AF6 /* Assignable.swift */,
				3D420AEA2D3DA2BF008043D7 /* Submittable.swift */,
			);
			path = AssignmentModel;
			sourceTree = "<group>";
		};
		3DC6324D2D0B2450004D2679 /* EnrollmentModel */ = {
			isa = PBXGroup;
			children = (
				3DC6324A2D0A8C36004D2679 /* Enrollment.swift */,
				3DC6324E2D0B2461004D2679 /* Grade.swift */,
			);
			path = EnrollmentModel;
			sourceTree = "<group>";
		};
		3DE41F8E2D121689007FDEEA /* ModuleModel */ = {
			isa = PBXGroup;
			children = (
				3DB88AAB2D02548700EEF069 /* Module.swift */,
				3DB88AAD2D02578D00EEF069 /* ModuleItem.swift */,
			);
			path = ModuleModel;
			sourceTree = "<group>";
		};
		3DE41F8F2D1216A4007FDEEA /* Protocols */ = {
			isa = PBXGroup;
			children = (
				3DB88AAF2D0257E400EEF069 /* ItemRepresentable.swift */,
				3DB65E3B2D03E1B400BF734D /* PageRepresentable.swift */,
			);
			path = Protocols;
			sourceTree = "<group>";
		};
		3DE4F6752D2A36F000FCE0DD /* Lists */ = {
			isa = PBXGroup;
			children = (
				3D08DBD82D0D546600CCB89E /* ModuleView.swift */,
				3DE4F6732D279EA300FCE0DD /* DiscussionTopicView.swift */,
				3DC632442D078BF9004D2679 /* AssignmentMasterView.swift */,
				3D420AEE2D470D64008043D7 /* AssignmentPageView.swift */,
				3DE41F942D12441C007FDEEA /* PeopleView.swift */,
				3D08DBDA2D0E054C00CCB89E /* AnnouncementView.swift */,
			);
			path = Lists;
			sourceTree = "<group>";
		};
/* End PBXGroup section */

/* Begin PBXNativeTarget section */
		3D4E2D472CF6FF9E00227AC4 /* CanvasApp */ = {
			isa = PBXNativeTarget;
			buildConfigurationList = 3D4E2D562CF6FF9F00227AC4 /* Build configuration list for PBXNativeTarget "CanvasApp" */;
			buildPhases = (
				3D4E2D442CF6FF9E00227AC4 /* Sources */,
				3D4E2D452CF6FF9E00227AC4 /* Frameworks */,
				3D4E2D462CF6FF9E00227AC4 /* Resources */,
			);
			buildRules = (
			);
			dependencies = (
			);
			name = CanvasApp;
			packageProductDependencies = (
				3DE41F8C2D114A83007FDEEA /* HTMLStreamer */,
			);
			productName = CanvasApp;
			productReference = 3D4E2D482CF6FF9E00227AC4 /* CanvasApp.app */;
			productType = "com.apple.product-type.application";
		};
/* End PBXNativeTarget section */

/* Begin PBXProject section */
		3D4E2D402CF6FF9E00227AC4 /* Project object */ = {
			isa = PBXProject;
			attributes = {
				BuildIndependentTargetsInParallel = 1;
				LastSwiftUpdateCheck = 1540;
				LastUpgradeCheck = 1540;
				TargetAttributes = {
					3D4E2D472CF6FF9E00227AC4 = {
						CreatedOnToolsVersion = 15.4;
					};
				};
			};
			buildConfigurationList = 3D4E2D432CF6FF9E00227AC4 /* Build configuration list for PBXProject "CanvasApp" */;
			compatibilityVersion = "Xcode 14.0";
			developmentRegion = en;
			hasScannedForEncodings = 0;
			knownRegions = (
				en,
				Base,
			);
			mainGroup = 3D4E2D3F2CF6FF9E00227AC4;
			packageReferences = (
				3DE41F8B2D114A83007FDEEA /* XCRemoteSwiftPackageReference "HTMLStreamer" */,
			);
			productRefGroup = 3D4E2D492CF6FF9E00227AC4 /* Products */;
			projectDirPath = "";
			projectRoot = "";
			targets = (
				3D4E2D472CF6FF9E00227AC4 /* CanvasApp */,
			);
		};
/* End PBXProject section */

/* Begin PBXResourcesBuildPhase section */
		3D4E2D462CF6FF9E00227AC4 /* Resources */ = {
			isa = PBXResourcesBuildPhase;
			buildActionMask = 2147483647;
			files = (
				3D4E2D532CF6FF9F00227AC4 /* Preview Assets.xcassets in Resources */,
				3D4E2D502CF6FF9F00227AC4 /* Assets.xcassets in Resources */,
			);
			runOnlyForDeploymentPostprocessing = 0;
		};
/* End PBXResourcesBuildPhase section */

/* Begin PBXSourcesBuildPhase section */
		3D4E2D442CF6FF9E00227AC4 /* Sources */ = {
			isa = PBXSourcesBuildPhase;
			buildActionMask = 2147483647;
			files = (
				3D4E2D5B2CF6FFF200227AC4 /* Course.swift in Sources */,
				3DB65E402D03E3A900BF734D /* DiscussionTopicClient.swift in Sources */,
				3D90C7F32D2C6EA2007C4AF6 /* Quiz.swift in Sources */,
				3D33EB892D1B4956007325E0 /* GroupClient.swift in Sources */,
				3DB88AB22D02599A00EEF069 /* ModuleClient.swift in Sources */,
				3DB65E3E2D03E1DF00BF734D /* DiscussionTopic.swift in Sources */,
				3DC6324F2D0B2461004D2679 /* Grade.swift in Sources */,
				3DC632452D078BF9004D2679 /* AssignmentMasterView.swift in Sources */,
				3DE41F9D2D155C86007FDEEA /* CacheManager.swift in Sources */,
				3D08DBD72D0BAF3600CCB89E /* ScoreStatistic.swift in Sources */,
				3DB88AAE2D02578D00EEF069 /* ModuleItem.swift in Sources */,
				3DE4F6742D279EA300FCE0DD /* DiscussionTopicView.swift in Sources */,
				3DB65E3C2D03E1B400BF734D /* PageRepresentable.swift in Sources */,
				3D420AEF2D470D64008043D7 /* AssignmentPageView.swift in Sources */,
				3D4E2D5F2CF703E900227AC4 /* CourseClient.swift in Sources */,
				3DC6323F2D06CFCA004D2679 /* Assignment.swift in Sources */,
				3D4E2D672CF904B600227AC4 /* ClientUtilities.swift in Sources */,
				3DB88AAC2D02548700EEF069 /* Module.swift in Sources */,
				3DE41F932D1238EF007FDEEA /* CoursePanel.swift in Sources */,
				3D4E2D6D2CF9927000227AC4 /* UserClient.swift in Sources */,
				3D4E2D4E2CF6FF9E00227AC4 /* MainLanding.swift in Sources */,
				3D4E2D6B2CF9916600227AC4 /* User.swift in Sources */,
				3DC632492D0A2A72004D2679 /* Submission.swift in Sources */,
				3D4E2D6F2CF99EC800227AC4 /* ViewUtilities.swift in Sources */,
				3DE41F912D121806007FDEEA /* MainUser.swift in Sources */,
				3D420AEB2D3DA2BF008043D7 /* Submittable.swift in Sources */,
				3D90C7F02D2BC335007C4AF6 /* Assignable.swift in Sources */,
				3DE4F6722D272B8F00FCE0DD /* ContextRepresentable.swift in Sources */,
				3D08DBD92D0D546600CCB89E /* ModuleView.swift in Sources */,
				3DC632512D0B25B7004D2679 /* EnrollmentClient.swift in Sources */,
				3DB88AB02D0257E400EEF069 /* ItemRepresentable.swift in Sources */,
				3D4E2D632CF9048100227AC4 /* PageClient.swift in Sources */,
				3DC632412D07755C004D2679 /* AssignmentClient.swift in Sources */,
				3D420AED2D3DA5C1008043D7 /* QuizSubmission.swift in Sources */,
				3D33EB7B2D18006D007325E0 /* Group.swift in Sources */,
				3D33EB7F2D18BB64007325E0 /* GroupPanel.swift in Sources */,
				3D08DBDB2D0E054C00CCB89E /* AnnouncementView.swift in Sources */,
				3DEC9DD52D0E5C7200AC2564 /* IndividualPageView.swift in Sources */,
				3D4E2D4C2CF6FF9E00227AC4 /* CanvasApp.swift in Sources */,
				3DE41F952D12441C007FDEEA /* PeopleView.swift in Sources */,
				3DC6324B2D0A8C36004D2679 /* Enrollment.swift in Sources */,
				3D4E2D612CF9030700227AC4 /* Page.swift in Sources */,
				3DE41F9B2D152B42007FDEEA /* FetchManager.swift in Sources */,
				3D33EB872D1B4945007325E0 /* GroupView.swift in Sources */,
				3D4E2D732CFA872D00227AC4 /* CourseView.swift in Sources */,
			);
			runOnlyForDeploymentPostprocessing = 0;
		};
/* End PBXSourcesBuildPhase section */

/* Begin XCBuildConfiguration section */
		3D4E2D542CF6FF9F00227AC4 /* Debug */ = {
			isa = XCBuildConfiguration;
			buildSettings = {
				ALWAYS_SEARCH_USER_PATHS = NO;
				ASSETCATALOG_COMPILER_GENERATE_SWIFT_ASSET_SYMBOL_EXTENSIONS = YES;
				CLANG_ANALYZER_NONNULL = YES;
				CLANG_ANALYZER_NUMBER_OBJECT_CONVERSION = YES_AGGRESSIVE;
				CLANG_CXX_LANGUAGE_STANDARD = "gnu++20";
				CLANG_ENABLE_MODULES = YES;
				CLANG_ENABLE_OBJC_ARC = YES;
				CLANG_ENABLE_OBJC_WEAK = YES;
				CLANG_WARN_BLOCK_CAPTURE_AUTORELEASING = YES;
				CLANG_WARN_BOOL_CONVERSION = YES;
				CLANG_WARN_COMMA = YES;
				CLANG_WARN_CONSTANT_CONVERSION = YES;
				CLANG_WARN_DEPRECATED_OBJC_IMPLEMENTATIONS = YES;
				CLANG_WARN_DIRECT_OBJC_ISA_USAGE = YES_ERROR;
				CLANG_WARN_DOCUMENTATION_COMMENTS = YES;
				CLANG_WARN_EMPTY_BODY = YES;
				CLANG_WARN_ENUM_CONVERSION = YES;
				CLANG_WARN_INFINITE_RECURSION = YES;
				CLANG_WARN_INT_CONVERSION = YES;
				CLANG_WARN_NON_LITERAL_NULL_CONVERSION = YES;
				CLANG_WARN_OBJC_IMPLICIT_RETAIN_SELF = YES;
				CLANG_WARN_OBJC_LITERAL_CONVERSION = YES;
				CLANG_WARN_OBJC_ROOT_CLASS = YES_ERROR;
				CLANG_WARN_QUOTED_INCLUDE_IN_FRAMEWORK_HEADER = YES;
				CLANG_WARN_RANGE_LOOP_ANALYSIS = YES;
				CLANG_WARN_STRICT_PROTOTYPES = YES;
				CLANG_WARN_SUSPICIOUS_MOVE = YES;
				CLANG_WARN_UNGUARDED_AVAILABILITY = YES_AGGRESSIVE;
				CLANG_WARN_UNREACHABLE_CODE = YES;
				CLANG_WARN__DUPLICATE_METHOD_MATCH = YES;
				COPY_PHASE_STRIP = NO;
				DEBUG_INFORMATION_FORMAT = dwarf;
				ENABLE_STRICT_OBJC_MSGSEND = YES;
				ENABLE_TESTABILITY = YES;
				ENABLE_USER_SCRIPT_SANDBOXING = YES;
				GCC_C_LANGUAGE_STANDARD = gnu17;
				GCC_DYNAMIC_NO_PIC = NO;
				GCC_NO_COMMON_BLOCKS = YES;
				GCC_OPTIMIZATION_LEVEL = 0;
				GCC_PREPROCESSOR_DEFINITIONS = (
					"DEBUG=1",
					"$(inherited)",
				);
				GCC_WARN_64_TO_32_BIT_CONVERSION = YES;
				GCC_WARN_ABOUT_RETURN_TYPE = YES_ERROR;
				GCC_WARN_UNDECLARED_SELECTOR = YES;
				GCC_WARN_UNINITIALIZED_AUTOS = YES_AGGRESSIVE;
				GCC_WARN_UNUSED_FUNCTION = YES;
				GCC_WARN_UNUSED_VARIABLE = YES;
				IPHONEOS_DEPLOYMENT_TARGET = 17.5;
				LOCALIZATION_PREFERS_STRING_CATALOGS = YES;
				MTL_ENABLE_DEBUG_INFO = INCLUDE_SOURCE;
				MTL_FAST_MATH = YES;
				ONLY_ACTIVE_ARCH = YES;
				SDKROOT = iphoneos;
				SWIFT_ACTIVE_COMPILATION_CONDITIONS = "DEBUG $(inherited)";
				SWIFT_OPTIMIZATION_LEVEL = "-Onone";
			};
			name = Debug;
		};
		3D4E2D552CF6FF9F00227AC4 /* Release */ = {
			isa = XCBuildConfiguration;
			buildSettings = {
				ALWAYS_SEARCH_USER_PATHS = NO;
				ASSETCATALOG_COMPILER_GENERATE_SWIFT_ASSET_SYMBOL_EXTENSIONS = YES;
				CLANG_ANALYZER_NONNULL = YES;
				CLANG_ANALYZER_NUMBER_OBJECT_CONVERSION = YES_AGGRESSIVE;
				CLANG_CXX_LANGUAGE_STANDARD = "gnu++20";
				CLANG_ENABLE_MODULES = YES;
				CLANG_ENABLE_OBJC_ARC = YES;
				CLANG_ENABLE_OBJC_WEAK = YES;
				CLANG_WARN_BLOCK_CAPTURE_AUTORELEASING = YES;
				CLANG_WARN_BOOL_CONVERSION = YES;
				CLANG_WARN_COMMA = YES;
				CLANG_WARN_CONSTANT_CONVERSION = YES;
				CLANG_WARN_DEPRECATED_OBJC_IMPLEMENTATIONS = YES;
				CLANG_WARN_DIRECT_OBJC_ISA_USAGE = YES_ERROR;
				CLANG_WARN_DOCUMENTATION_COMMENTS = YES;
				CLANG_WARN_EMPTY_BODY = YES;
				CLANG_WARN_ENUM_CONVERSION = YES;
				CLANG_WARN_INFINITE_RECURSION = YES;
				CLANG_WARN_INT_CONVERSION = YES;
				CLANG_WARN_NON_LITERAL_NULL_CONVERSION = YES;
				CLANG_WARN_OBJC_IMPLICIT_RETAIN_SELF = YES;
				CLANG_WARN_OBJC_LITERAL_CONVERSION = YES;
				CLANG_WARN_OBJC_ROOT_CLASS = YES_ERROR;
				CLANG_WARN_QUOTED_INCLUDE_IN_FRAMEWORK_HEADER = YES;
				CLANG_WARN_RANGE_LOOP_ANALYSIS = YES;
				CLANG_WARN_STRICT_PROTOTYPES = YES;
				CLANG_WARN_SUSPICIOUS_MOVE = YES;
				CLANG_WARN_UNGUARDED_AVAILABILITY = YES_AGGRESSIVE;
				CLANG_WARN_UNREACHABLE_CODE = YES;
				CLANG_WARN__DUPLICATE_METHOD_MATCH = YES;
				COPY_PHASE_STRIP = NO;
				DEBUG_INFORMATION_FORMAT = "dwarf-with-dsym";
				ENABLE_NS_ASSERTIONS = NO;
				ENABLE_STRICT_OBJC_MSGSEND = YES;
				ENABLE_USER_SCRIPT_SANDBOXING = YES;
				GCC_C_LANGUAGE_STANDARD = gnu17;
				GCC_NO_COMMON_BLOCKS = YES;
				GCC_WARN_64_TO_32_BIT_CONVERSION = YES;
				GCC_WARN_ABOUT_RETURN_TYPE = YES_ERROR;
				GCC_WARN_UNDECLARED_SELECTOR = YES;
				GCC_WARN_UNINITIALIZED_AUTOS = YES_AGGRESSIVE;
				GCC_WARN_UNUSED_FUNCTION = YES;
				GCC_WARN_UNUSED_VARIABLE = YES;
				IPHONEOS_DEPLOYMENT_TARGET = 17.5;
				LOCALIZATION_PREFERS_STRING_CATALOGS = YES;
				MTL_ENABLE_DEBUG_INFO = NO;
				MTL_FAST_MATH = YES;
				SDKROOT = iphoneos;
				SWIFT_COMPILATION_MODE = wholemodule;
				VALIDATE_PRODUCT = YES;
			};
			name = Release;
		};
		3D4E2D572CF6FF9F00227AC4 /* Debug */ = {
			isa = XCBuildConfiguration;
			buildSettings = {
				ASSETCATALOG_COMPILER_APPICON_NAME = AppIcon;
				ASSETCATALOG_COMPILER_GLOBAL_ACCENT_COLOR_NAME = AccentColor;
				CODE_SIGN_STYLE = Automatic;
				CURRENT_PROJECT_VERSION = 1;
				DEVELOPMENT_ASSET_PATHS = "\"CanvasApp/Preview Content\"";
				ENABLE_PREVIEWS = YES;
				GENERATE_INFOPLIST_FILE = YES;
				INFOPLIST_KEY_CFBundleDisplayName = "Portrait for Canvas";
				INFOPLIST_KEY_UIApplicationSceneManifest_Generation = YES;
				INFOPLIST_KEY_UIApplicationSupportsIndirectInputEvents = YES;
				INFOPLIST_KEY_UILaunchScreen_Generation = YES;
				INFOPLIST_KEY_UISupportedInterfaceOrientations_iPad = "UIInterfaceOrientationPortrait UIInterfaceOrientationPortraitUpsideDown UIInterfaceOrientationLandscapeLeft UIInterfaceOrientationLandscapeRight";
				INFOPLIST_KEY_UISupportedInterfaceOrientations_iPhone = "UIInterfaceOrientationPortrait UIInterfaceOrientationLandscapeLeft UIInterfaceOrientationLandscapeRight";
				LD_RUNPATH_SEARCH_PATHS = (
					"$(inherited)",
					"@executable_path/Frameworks",
				);
				MARKETING_VERSION = 1.0;
				PRODUCT_BUNDLE_IDENTIFIER = quantumblink.CanvasApp;
				PRODUCT_NAME = "$(TARGET_NAME)";
				SWIFT_EMIT_LOC_STRINGS = YES;
				SWIFT_VERSION = 5.0;
				TARGETED_DEVICE_FAMILY = "1,2";
			};
			name = Debug;
		};
		3D4E2D582CF6FF9F00227AC4 /* Release */ = {
			isa = XCBuildConfiguration;
			buildSettings = {
				ASSETCATALOG_COMPILER_APPICON_NAME = AppIcon;
				ASSETCATALOG_COMPILER_GLOBAL_ACCENT_COLOR_NAME = AccentColor;
				CODE_SIGN_STYLE = Automatic;
				CURRENT_PROJECT_VERSION = 1;
				DEVELOPMENT_ASSET_PATHS = "\"CanvasApp/Preview Content\"";
				ENABLE_PREVIEWS = YES;
				GENERATE_INFOPLIST_FILE = YES;
				INFOPLIST_KEY_CFBundleDisplayName = "Portrait for Canvas";
				INFOPLIST_KEY_UIApplicationSceneManifest_Generation = YES;
				INFOPLIST_KEY_UIApplicationSupportsIndirectInputEvents = YES;
				INFOPLIST_KEY_UILaunchScreen_Generation = YES;
				INFOPLIST_KEY_UISupportedInterfaceOrientations_iPad = "UIInterfaceOrientationPortrait UIInterfaceOrientationPortraitUpsideDown UIInterfaceOrientationLandscapeLeft UIInterfaceOrientationLandscapeRight";
				INFOPLIST_KEY_UISupportedInterfaceOrientations_iPhone = "UIInterfaceOrientationPortrait UIInterfaceOrientationLandscapeLeft UIInterfaceOrientationLandscapeRight";
				LD_RUNPATH_SEARCH_PATHS = (
					"$(inherited)",
					"@executable_path/Frameworks",
				);
				MARKETING_VERSION = 1.0;
				PRODUCT_BUNDLE_IDENTIFIER = quantumblink.CanvasApp;
				PRODUCT_NAME = "$(TARGET_NAME)";
				SWIFT_EMIT_LOC_STRINGS = YES;
				SWIFT_VERSION = 5.0;
				TARGETED_DEVICE_FAMILY = "1,2";
			};
			name = Release;
		};
/* End XCBuildConfiguration section */

/* Begin XCConfigurationList section */
		3D4E2D432CF6FF9E00227AC4 /* Build configuration list for PBXProject "CanvasApp" */ = {
			isa = XCConfigurationList;
			buildConfigurations = (
				3D4E2D542CF6FF9F00227AC4 /* Debug */,
				3D4E2D552CF6FF9F00227AC4 /* Release */,
			);
			defaultConfigurationIsVisible = 0;
			defaultConfigurationName = Release;
		};
		3D4E2D562CF6FF9F00227AC4 /* Build configuration list for PBXNativeTarget "CanvasApp" */ = {
			isa = XCConfigurationList;
			buildConfigurations = (
				3D4E2D572CF6FF9F00227AC4 /* Debug */,
				3D4E2D582CF6FF9F00227AC4 /* Release */,
			);
			defaultConfigurationIsVisible = 0;
			defaultConfigurationName = Release;
		};
/* End XCConfigurationList section */

/* Begin XCRemoteSwiftPackageReference section */
		3DE41F8B2D114A83007FDEEA /* XCRemoteSwiftPackageReference "HTMLStreamer" */ = {
			isa = XCRemoteSwiftPackageReference;
			repositoryURL = "https://git.shadowfacts.net/shadowfacts/HTMLStreamer.git";
			requirement = {
				kind = upToNextMajorVersion;
				minimumVersion = 0.3.0;
			};
		};
/* End XCRemoteSwiftPackageReference section */

/* Begin XCSwiftPackageProductDependency section */
		3DE41F8C2D114A83007FDEEA /* HTMLStreamer */ = {
			isa = XCSwiftPackageProductDependency;
			package = 3DE41F8B2D114A83007FDEEA /* XCRemoteSwiftPackageReference "HTMLStreamer" */;
			productName = HTMLStreamer;
		};
/* End XCSwiftPackageProductDependency section */
	};
	rootObject = 3D4E2D402CF6FF9E00227AC4 /* Project object */;
}
